
Microsoft Visual Studio Solution File, Format Version 12.00
# Visual Studio Version 17
VisualStudioVersion = 17.10.35027.167
MinimumVisualStudioVersion = 10.0.40219.1
Project("{FAE04EC0-301F-11D3-BF4B-00C04F79EFBC}") = "KimMilyonerOlmakIster", "KimMilyonerOlmakIster\KimMilyonerOlmakIster.csproj", "{5D6838CF-4893-4B39-8026-792B901CC8EA}"
EndProject
Global
	GlobalSection(SolutionConfigurationPlatforms) = preSolution
		Debug|Any CPU = Debug|Any CPU
		Release|Any CPU = Release|Any CPU
	EndGlobalSection
	GlobalSection(ProjectConfigurationPlatforms) = postSolution
		{5D6838CF-4893-4B39-8026-792B901CC8EA}.Debug|Any CPU.ActiveCfg = Debug|Any CPU
		{5D6838CF-4893-4B39-8026-792B901CC8EA}.Debug|Any CPU.Build.0 = Debug|Any CPU
		{5D6838CF-4893-4B39-8026-792B901CC8EA}.Release|Any CPU.ActiveCfg = Release|Any CPU
		{5D6838CF-4893-4B39-8026-792B901CC8EA}.Release|Any CPU.Build.0 = Release|Any CPU
	EndGlobalSection
	GlobalSection(SolutionProperties) = preSolution
		HideSolutionNode = FALSE
	EndGlobalSection
	GlobalSection(ExtensibilityGlobals) = postSolution
		SolutionGuid = {34DD6EBB-70D2-453F-B122-3F3B4DC6A7A4}
	EndGlobalSection
EndGlobal
